
Microsoft Visual Studio Solution File, Format Version 12.00
# Visual Studio 15
VisualStudioVersion = 15.0.28307.757
MinimumVisualStudioVersion = 10.0.40219.1
Project("{FAE04EC0-301F-11D3-BF4B-00C04F79EFBC}") = "EPSorter", "EPSorter\EPSorter.csproj", "{6B10F5D5-8052-4806-A289-1140CCB43D8E}"
EndProject
Global
	GlobalSection(SolutionConfigurationPlatforms) = preSolution
		Debug|Any CPU = Debug|Any CPU
		Release|Any CPU = Release|Any CPU
	EndGlobalSection
	GlobalSection(ProjectConfigurationPlatforms) = postSolution
		{6B10F5D5-8052-4806-A289-1140CCB43D8E}.Debug|Any CPU.ActiveCfg = Debug|Any CPU
		{6B10F5D5-8052-4806-A289-1140CCB43D8E}.Debug|Any CPU.Build.0 = Debug|Any CPU
		{6B10F5D5-8052-4806-A289-1140CCB43D8E}.Release|Any CPU.ActiveCfg = Release|Any CPU
		{6B10F5D5-8052-4806-A289-1140CCB43D8E}.Release|Any CPU.Build.0 = Release|Any CPU
	EndGlobalSection
	GlobalSection(SolutionProperties) = preSolution
		HideSolutionNode = FALSE
	EndGlobalSection
	GlobalSection(ExtensibilityGlobals) = postSolution
		SolutionGuid = {79B646B6-2964-481D-A919-9CA7B739BBBC}
	EndGlobalSection
EndGlobal
